// !$*UTF8*$!
{
	archiveVersion = 1;
	classes = {
	};
	objectVersion = 77;
	objects = {

/* Begin PBXBuildFile section */
		0D20A7C36D3BA895EADEE947 /* Basics.swift in Sources */ = {isa = PBXBuildFile; fileRef = 648852E094D8E1A7A48937A9 /* Basics.swift */; };
		0D6630E5B23873EAEB5CC86B /* DockMover.swift in Sources */ = {isa = PBXBuildFile; fileRef = B6BE4BBC373B47540A894E14 /* DockMover.swift */; };
		0E06411FB07E0A660A8C5DC6 /* DockLockIntents.swift in Sources */ = {isa = PBXBuildFile; fileRef = 9DA3DBE5D6880F4A24DF5D58 /* DockLockIntents.swift */; };
		13D221A98F0D6D64E0087169 /* StatusMenuController.swift in Sources */ = {isa = PBXBuildFile; fileRef = 3E5338B125A3F8ABB8413AD6 /* StatusMenuController.swift */; };
		18B3359F35DD910D65F09EAD /* StatusReport.swift in Sources */ = {isa = PBXBuildFile; fileRef = 8BA250EDF36A33C38F9043A4 /* StatusReport.swift */; };
		21C64AEFF14F87B39C7F8078 /* Components.swift in Sources */ = {isa = PBXBuildFile; fileRef = C19A2CC3FFA4CBBB4E2242A2 /* Components.swift */; };
		264BB38056E14B777BA5A9C6 /* GuideOverlay.swift in Sources */ = {isa = PBXBuildFile; fileRef = 534680856B157A3CC7FE445A /* GuideOverlay.swift */; };
		315044EE4A969C6831BF7F39 /* GeneralPage.swift in Sources */ = {isa = PBXBuildFile; fileRef = 517CA512BD1FD1F15EB34988 /* GeneralPage.swift */; };
		328280C42D12DA2058468435 /* HideDockPage.swift in Sources */ = {isa = PBXBuildFile; fileRef = 7AAD916AB2A2E86E00DC984A /* HideDockPage.swift */; };
		3AFEBC4D2BC8780E90C446CF /* SystemDisplays.swift in Sources */ = {isa = PBXBuildFile; fileRef = FB0978C4446E6725FA321570 /* SystemDisplays.swift */; };
		3FA6A777469A01ED829EB20A /* HotKeyCenter.swift in Sources */ = {isa = PBXBuildFile; fileRef = 0AE3D0EBE110B893056ED8FE /* HotKeyCenter.swift */; };
		4D0EE8120CCD3A64C2B2C901 /* StatusIcon.swift in Sources */ = {isa = PBXBuildFile; fileRef = 8A218E1FCEFAD0353A377F1F /* StatusIcon.swift */; };
		51C9615836052CB1125BF367 /* SettingsView.swift in Sources */ = {isa = PBXBuildFile; fileRef = A3D1191B55DEAD222F227A7A /* SettingsView.swift */; };
		58B2D106098E0A0AF4FC821D /* Assets.xcassets in Resources */ = {isa = PBXBuildFile; fileRef = E8D1EE96287E61B5103E2CCF /* Assets.xcassets */; };
		6BEF211EA3BC16856C6EC307 /* main.swift in Sources */ = {isa = PBXBuildFile; fileRef = 915CBE950FCBFDE0752567D3 /* main.swift */; };
		6CE69E135F3CB314DBE296FB /* AppDelegate.swift in Sources */ = {isa = PBXBuildFile; fileRef = FF80F2AE2A2B493C9D4B7193 /* AppDelegate.swift */; };
		790354A3503C57835C5D8A6D /* SettingsWindowController.swift in Sources */ = {isa = PBXBuildFile; fileRef = 1C4A4FD0863CEA5508B5601F /* SettingsWindowController.swift */; };
		7A0778EABB6E2E8546FBC401 /* Commands.swift in Sources */ = {isa = PBXBuildFile; fileRef = 9DC1FDB3217BE95DB5AAB40F /* Commands.swift */; };
		7BCCDB3ADC32814C20C6D552 /* AboutPage.swift in Sources */ = {isa = PBXBuildFile; fileRef = 6BA07349C30851A98093CB03 /* AboutPage.swift */; };
		825A4844D142300DB1CD384C /* Support.swift in Sources */ = {isa = PBXBuildFile; fileRef = 5AA3B4A7CC452DED91007BB0 /* Support.swift */; };
		8B5BC3FBD21BD263EF8F79E4 /* DisplaysPage.swift in Sources */ = {isa = PBXBuildFile; fileRef = 28C1B50BAD458F831F9C1ECD /* DisplaysPage.swift */; };
		8F51A24438003A6843173971 /* DisplayLayout.swift in Sources */ = {isa = PBXBuildFile; fileRef = BCA52A709214A582034AA119 /* DisplayLayout.swift */; };
		9765CA881797B26B7EB86327 /* Settings.swift in Sources */ = {isa = PBXBuildFile; fileRef = 357662A134A1C3F8E5C69127 /* Settings.swift */; };
		9990623B5FE434E275CDAA2D /* AppLanguage.swift in Sources */ = {isa = PBXBuildFile; fileRef = E863E701CB9A17F39EF0B989 /* AppLanguage.swift */; };
		9D315CA3D8BDEEED79A380ED /* DockLocator.swift in Sources */ = {isa = PBXBuildFile; fileRef = 021FD4D16370428F0BC012AC /* DockLocator.swift */; };
		9D641F56548A25056D827C93 /* EdgeGuard.swift in Sources */ = {isa = PBXBuildFile; fileRef = DF65A54ACB03A5CFA23F6F03 /* EdgeGuard.swift */; };
		AA6A9FA51ABFA2591A2F73D9 /* ControlChannel.swift in Sources */ = {isa = PBXBuildFile; fileRef = 1555906A8A330B4295217906 /* ControlChannel.swift */; };
		BD31DC11DBFC27FD953AE0ED /* DockInspector.swift in Sources */ = {isa = PBXBuildFile; fileRef = 8F2F114BD721F72208D4CF81 /* DockInspector.swift */; };
		C414AE91D5F9E605368131DB /* PointerGuard.swift in Sources */ = {isa = PBXBuildFile; fileRef = A19FC9ED90E8388EBA9AE966 /* PointerGuard.swift */; };
		C8C8E0205B665C3DDB534D68 /* Localizable.strings in Resources */ = {isa = PBXBuildFile; fileRef = EC134897A50FFF6BDD18A7AD /* Localizable.strings */; };
		CF069DCD69E8D51F93D2BD8C /* AutomationPage.swift in Sources */ = {isa = PBXBuildFile; fileRef = 3298097E64D864B8A17AC361 /* AutomationPage.swift */; };
		D0803C3998C12CF33FB6EB36 /* Policy.swift in Sources */ = {isa = PBXBuildFile; fileRef = 910EAF5005FB37B8827F1892 /* Policy.swift */; };
		D5DD3E7706BAE99AA7D1B11F /* AppController.swift in Sources */ = {isa = PBXBuildFile; fileRef = 7A82B8294C5EDE8DB5031657 /* AppController.swift */; };
		F9AD855693A625C25CB6B143 /* AdvancedPage.swift in Sources */ = {isa = PBXBuildFile; fileRef = 632B64CD5E61E8037C6A1B5E /* AdvancedPage.swift */; };
		FF4FDA399B909BD7A794C557 /* UserActivity.swift in Sources */ = {isa = PBXBuildFile; fileRef = 95494E48C46D68AB32A856FC /* UserActivity.swift */; };
/* End PBXBuildFile section */

/* Begin PBXFileReference section */
		021FD4D16370428F0BC012AC /* DockLocator.swift */ = {isa = PBXFileReference; lastKnownFileType = sourcecode.swift; path = DockLocator.swift; sourceTree = "<group>"; };
		0AE3D0EBE110B893056ED8FE /* HotKeyCenter.swift */ = {isa = PBXFileReference; lastKnownFileType = sourcecode.swift; path = HotKeyCenter.swift; sourceTree = "<group>"; };
		0B4771F4C0DB1522ECEDBB4E /* ru */ = {isa = PBXFileReference; lastKnownFileType = text.plist.strings; name = ru; path = ru.lproj/Localizable.strings; sourceTree = "<group>"; };
		1555906A8A330B4295217906 /* ControlChannel.swift */ = {isa = PBXFileReference; lastKnownFileType = sourcecode.swift; path = ControlChannel.swift; sourceTree = "<group>"; };
		1C4A4FD0863CEA5508B5601F /* SettingsWindowController.swift */ = {isa = PBXFileReference; lastKnownFileType = sourcecode.swift; path = SettingsWindowController.swift; sourceTree = "<group>"; };
		23DA2D78BD0FB1225A54BE8A /* Info.plist */ = {isa = PBXFileReference; lastKnownFileType = text.plist; path = Info.plist; sourceTree = "<group>"; };
		28C1B50BAD458F831F9C1ECD /* DisplaysPage.swift */ = {isa = PBXFileReference; lastKnownFileType = sourcecode.swift; path = DisplaysPage.swift; sourceTree = "<group>"; };
		3298097E64D864B8A17AC361 /* AutomationPage.swift */ = {isa = PBXFileReference; lastKnownFileType = sourcecode.swift; path = AutomationPage.swift; sourceTree = "<group>"; };
		357662A134A1C3F8E5C69127 /* Settings.swift */ = {isa = PBXFileReference; lastKnownFileType = sourcecode.swift; path = Settings.swift; sourceTree = "<group>"; };
		3E5338B125A3F8ABB8413AD6 /* StatusMenuController.swift */ = {isa = PBXFileReference; lastKnownFileType = sourcecode.swift; path = StatusMenuController.swift; sourceTree = "<group>"; };
		436ACF7962ED2EB8EE7EE264 /* zh-Hans */ = {isa = PBXFileReference; lastKnownFileType = text.plist.strings; name = "zh-Hans"; path = "zh-Hans.lproj/Localizable.strings"; sourceTree = "<group>"; };
		48294F94383D292239F2223A /* zh-Hant */ = {isa = PBXFileReference; lastKnownFileType = text.plist.strings; name = "zh-Hant"; path = "zh-Hant.lproj/Localizable.strings"; sourceTree = "<group>"; };
		517CA512BD1FD1F15EB34988 /* GeneralPage.swift */ = {isa = PBXFileReference; lastKnownFileType = sourcecode.swift; path = GeneralPage.swift; sourceTree = "<group>"; };
		52C1F163D69ABAF70E7B5C93 /* en */ = {isa = PBXFileReference; lastKnownFileType = text.plist.strings; name = en; path = en.lproj/Localizable.strings; sourceTree = "<group>"; };
		534680856B157A3CC7FE445A /* GuideOverlay.swift */ = {isa = PBXFileReference; lastKnownFileType = sourcecode.swift; path = GuideOverlay.swift; sourceTree = "<group>"; };
		5AA3B4A7CC452DED91007BB0 /* Support.swift */ = {isa = PBXFileReference; lastKnownFileType = sourcecode.swift; path = Support.swift; sourceTree = "<group>"; };
		5DF400BBB75A38F50E3DA140 /* es */ = {isa = PBXFileReference; lastKnownFileType = text.plist.strings; name = es; path = es.lproj/Localizable.strings; sourceTree = "<group>"; };
		632B64CD5E61E8037C6A1B5E /* AdvancedPage.swift */ = {isa = PBXFileReference; lastKnownFileType = sourcecode.swift; path = AdvancedPage.swift; sourceTree = "<group>"; };
		63BB1CC6AE0BD7AB97E03788 /* de */ = {isa = PBXFileReference; lastKnownFileType = text.plist.strings; name = de; path = de.lproj/Localizable.strings; sourceTree = "<group>"; };
		648852E094D8E1A7A48937A9 /* Basics.swift */ = {isa = PBXFileReference; lastKnownFileType = sourcecode.swift; path = Basics.swift; sourceTree = "<group>"; };
		6BA07349C30851A98093CB03 /* AboutPage.swift */ = {isa = PBXFileReference; lastKnownFileType = sourcecode.swift; path = AboutPage.swift; sourceTree = "<group>"; };
		7A82B8294C5EDE8DB5031657 /* AppController.swift */ = {isa = PBXFileReference; lastKnownFileType = sourcecode.swift; path = AppController.swift; sourceTree = "<group>"; };
		7AAD916AB2A2E86E00DC984A /* HideDockPage.swift */ = {isa = PBXFileReference; lastKnownFileType = sourcecode.swift; path = HideDockPage.swift; sourceTree = "<group>"; };
		7BA5190899709648549A4A4C /* pt-BR */ = {isa = PBXFileReference; lastKnownFileType = text.plist.strings; name = "pt-BR"; path = "pt-BR.lproj/Localizable.strings"; sourceTree = "<group>"; };
		835E8E2795FD918C349A4787 /* fr */ = {isa = PBXFileReference; lastKnownFileType = text.plist.strings; name = fr; path = fr.lproj/Localizable.strings; sourceTree = "<group>"; };
		8A218E1FCEFAD0353A377F1F /* StatusIcon.swift */ = {isa = PBXFileReference; lastKnownFileType = sourcecode.swift; path = StatusIcon.swift; sourceTree = "<group>"; };
		8BA250EDF36A33C38F9043A4 /* StatusReport.swift */ = {isa = PBXFileReference; lastKnownFileType = sourcecode.swift; path = StatusReport.swift; sourceTree = "<group>"; };
		8F2F114BD721F72208D4CF81 /* DockInspector.swift */ = {isa = PBXFileReference; lastKnownFileType = sourcecode.swift; path = DockInspector.swift; sourceTree = "<group>"; };
		910EAF5005FB37B8827F1892 /* Policy.swift */ = {isa = PBXFileReference; lastKnownFileType = sourcecode.swift; path = Policy.swift; sourceTree = "<group>"; };
		915CBE950FCBFDE0752567D3 /* main.swift */ = {isa = PBXFileReference; lastKnownFileType = sourcecode.swift; path = main.swift; sourceTree = "<group>"; };
		923C8237DAEB578E6E38B5A1 /* ko */ = {isa = PBXFileReference; lastKnownFileType = text.plist.strings; name = ko; path = ko.lproj/Localizable.strings; sourceTree = "<group>"; };
		95411A98FB35CF4974CA7572 /* ja */ = {isa = PBXFileReference; lastKnownFileType = text.plist.strings; name = ja; path = ja.lproj/Localizable.strings; sourceTree = "<group>"; };
		95494E48C46D68AB32A856FC /* UserActivity.swift */ = {isa = PBXFileReference; lastKnownFileType = sourcecode.swift; path = UserActivity.swift; sourceTree = "<group>"; };
		9DA3DBE5D6880F4A24DF5D58 /* DockLockIntents.swift */ = {isa = PBXFileReference; lastKnownFileType = sourcecode.swift; path = DockLockIntents.swift; sourceTree = "<group>"; };
		9DC1FDB3217BE95DB5AAB40F /* Commands.swift */ = {isa = PBXFileReference; lastKnownFileType = sourcecode.swift; path = Commands.swift; sourceTree = "<group>"; };
		A19FC9ED90E8388EBA9AE966 /* PointerGuard.swift */ = {isa = PBXFileReference; lastKnownFileType = sourcecode.swift; path = PointerGuard.swift; sourceTree = "<group>"; };
		A3D1191B55DEAD222F227A7A /* SettingsView.swift */ = {isa = PBXFileReference; lastKnownFileType = sourcecode.swift; path = SettingsView.swift; sourceTree = "<group>"; };
		A42E8FF5A717C695E602F719 /* DockLock.entitlements */ = {isa = PBXFileReference; lastKnownFileType = text.plist.entitlements; path = DockLock.entitlements; sourceTree = "<group>"; };
		B6BE4BBC373B47540A894E14 /* DockMover.swift */ = {isa = PBXFileReference; lastKnownFileType = sourcecode.swift; path = DockMover.swift; sourceTree = "<group>"; };
		BAB072D556DF3AE8DBD0DD83 /* DockLock.app */ = {isa = PBXFileReference; explicitFileType = wrapper.application; includeInIndex = 0; path = DockLock.app; sourceTree = BUILT_PRODUCTS_DIR; };
		BCA52A709214A582034AA119 /* DisplayLayout.swift */ = {isa = PBXFileReference; lastKnownFileType = sourcecode.swift; path = DisplayLayout.swift; sourceTree = "<group>"; };
		C19A2CC3FFA4CBBB4E2242A2 /* Components.swift */ = {isa = PBXFileReference; lastKnownFileType = sourcecode.swift; path = Components.swift; sourceTree = "<group>"; };
		DF65A54ACB03A5CFA23F6F03 /* EdgeGuard.swift */ = {isa = PBXFileReference; lastKnownFileType = sourcecode.swift; path = EdgeGuard.swift; sourceTree = "<group>"; };
		E863E701CB9A17F39EF0B989 /* AppLanguage.swift */ = {isa = PBXFileReference; lastKnownFileType = sourcecode.swift; path = AppLanguage.swift; sourceTree = "<group>"; };
		E8D1EE96287E61B5103E2CCF /* Assets.xcassets */ = {isa = PBXFileReference; lastKnownFileType = folder.assetcatalog; path = Assets.xcassets; sourceTree = "<group>"; };
		FB0978C4446E6725FA321570 /* SystemDisplays.swift */ = {isa = PBXFileReference; lastKnownFileType = sourcecode.swift; path = SystemDisplays.swift; sourceTree = "<group>"; };
		FF80F2AE2A2B493C9D4B7193 /* AppDelegate.swift */ = {isa = PBXFileReference; lastKnownFileType = sourcecode.swift; path = AppDelegate.swift; sourceTree = "<group>"; };
/* End PBXFileReference section */

/* Begin PBXGroup section */
		04E3CDB57656D1DDFAF55BDB /* Resources */ = {
			isa = PBXGroup;
			children = (
				E8D1EE96287E61B5103E2CCF /* Assets.xcassets */,
				A42E8FF5A717C695E602F719 /* DockLock.entitlements */,
				23DA2D78BD0FB1225A54BE8A /* Info.plist */,
				EC134897A50FFF6BDD18A7AD /* Localizable.strings */,
			);
			path = Resources;
			sourceTree = "<group>";
		};
		066803AB4BBCBE63D31F91A7 /* Sources */ = {
			isa = PBXGroup;
			children = (
				156CFFB8C1286B43D9B88B87 /* Intents */,
				E2A0498268BB2E6B21B455B0 /* Support */,
				13CCBB47B28BA3FB65B7DC65 /* System */,
				ED45D6002EDB5AC82173724C /* UI */,
				7A82B8294C5EDE8DB5031657 /* AppController.swift */,
				FF80F2AE2A2B493C9D4B7193 /* AppDelegate.swift */,
				915CBE950FCBFDE0752567D3 /* main.swift */,
			);
			path = Sources;
			sourceTree = "<group>";
		};
		13CCBB47B28BA3FB65B7DC65 /* System */ = {
			isa = PBXGroup;
			children = (
				1555906A8A330B4295217906 /* ControlChannel.swift */,
				8F2F114BD721F72208D4CF81 /* DockInspector.swift */,
				B6BE4BBC373B47540A894E14 /* DockMover.swift */,
				0AE3D0EBE110B893056ED8FE /* HotKeyCenter.swift */,
				A19FC9ED90E8388EBA9AE966 /* PointerGuard.swift */,
				FB0978C4446E6725FA321570 /* SystemDisplays.swift */,
				95494E48C46D68AB32A856FC /* UserActivity.swift */,
			);
			path = System;
			sourceTree = "<group>";
		};
		156CFFB8C1286B43D9B88B87 /* Intents */ = {
			isa = PBXGroup;
			children = (
				9DA3DBE5D6880F4A24DF5D58 /* DockLockIntents.swift */,
			);
			path = Intents;
			sourceTree = "<group>";
		};
		2BD649A5EFB1D9E13D954D92 /* Products */ = {
			isa = PBXGroup;
			children = (
				BAB072D556DF3AE8DBD0DD83 /* DockLock.app */,
			);
			name = Products;
			sourceTree = "<group>";
		};
		380209F5B85AE4AD3C5F5D44 /* DockLockCore */ = {
			isa = PBXGroup;
			children = (
				648852E094D8E1A7A48937A9 /* Basics.swift */,
				9DC1FDB3217BE95DB5AAB40F /* Commands.swift */,
				BCA52A709214A582034AA119 /* DisplayLayout.swift */,
				021FD4D16370428F0BC012AC /* DockLocator.swift */,
				DF65A54ACB03A5CFA23F6F03 /* EdgeGuard.swift */,
				910EAF5005FB37B8827F1892 /* Policy.swift */,
				357662A134A1C3F8E5C69127 /* Settings.swift */,
				8BA250EDF36A33C38F9043A4 /* StatusReport.swift */,
			);
			path = DockLockCore;
			sourceTree = "<group>";
		};
		459675D36FE210BEC2CFBAA3 /* DockLockCore */ = {
			isa = PBXGroup;
			children = (
				6EC2BE0FCB1EC21F986A697E /* Sources */,
			);
			path = DockLockCore;
			sourceTree = "<group>";
		};
		6AF8C3CDB25076B8784C4FC1 = {
			isa = PBXGroup;
			children = (
				EEFD42E1D5378A6967759DA1 /* App */,
				459675D36FE210BEC2CFBAA3 /* DockLockCore */,
				2BD649A5EFB1D9E13D954D92 /* Products */,
			);
			sourceTree = "<group>";
		};
		6EC2BE0FCB1EC21F986A697E /* Sources */ = {
			isa = PBXGroup;
			children = (
				380209F5B85AE4AD3C5F5D44 /* DockLockCore */,
			);
			path = Sources;
			sourceTree = "<group>";
		};
		E2A0498268BB2E6B21B455B0 /* Support */ = {
			isa = PBXGroup;
			children = (
				E863E701CB9A17F39EF0B989 /* AppLanguage.swift */,
				5AA3B4A7CC452DED91007BB0 /* Support.swift */,
			);
			path = Support;
			sourceTree = "<group>";
		};
		ED45D6002EDB5AC82173724C /* UI */ = {
			isa = PBXGroup;
			children = (
				6BA07349C30851A98093CB03 /* AboutPage.swift */,
				632B64CD5E61E8037C6A1B5E /* AdvancedPage.swift */,
				3298097E64D864B8A17AC361 /* AutomationPage.swift */,
				C19A2CC3FFA4CBBB4E2242A2 /* Components.swift */,
				28C1B50BAD458F831F9C1ECD /* DisplaysPage.swift */,
				517CA512BD1FD1F15EB34988 /* GeneralPage.swift */,
				534680856B157A3CC7FE445A /* GuideOverlay.swift */,
				7AAD916AB2A2E86E00DC984A /* HideDockPage.swift */,
				A3D1191B55DEAD222F227A7A /* SettingsView.swift */,
				1C4A4FD0863CEA5508B5601F /* SettingsWindowController.swift */,
				8A218E1FCEFAD0353A377F1F /* StatusIcon.swift */,
				3E5338B125A3F8ABB8413AD6 /* StatusMenuController.swift */,
			);
			path = UI;
			sourceTree = "<group>";
		};
		EEFD42E1D5378A6967759DA1 /* App */ = {
			isa = PBXGroup;
			children = (
				04E3CDB57656D1DDFAF55BDB /* Resources */,
				066803AB4BBCBE63D31F91A7 /* Sources */,
			);
			path = App;
			sourceTree = "<group>";
		};
/* End PBXGroup section */

/* Begin PBXNativeTarget section */
		FA107CC507C1E97A8E2A5954 /* DockLock */ = {
			isa = PBXNativeTarget;
			buildConfigurationList = 5E4C60A36C6772F357D37287 /* Build configuration list for PBXNativeTarget "DockLock" */;
			buildPhases = (
				C72ED3B8CDEFF32B54BF0D22 /* Sources */,
				987CFDA91A0DA28B54C4B8C9 /* Resources */,
			);
			buildRules = (
			);
			dependencies = (
			);
			name = DockLock;
			packageProductDependencies = (
			);
			productName = DockLock;
			productReference = BAB072D556DF3AE8DBD0DD83 /* DockLock.app */;
			productType = "com.apple.product-type.application";
		};
/* End PBXNativeTarget section */

/* Begin PBXProject section */
		6F495DB818CA5803B3DE7CF1 /* Project object */ = {
			isa = PBXProject;
			attributes = {
				BuildIndependentTargetsInParallel = YES;
				LastUpgradeCheck = 1430;
				TargetAttributes = {
					FA107CC507C1E97A8E2A5954 = {
						DevelopmentTeam = "";
						ProvisioningStyle = Manual;
					};
				};
			};
			buildConfigurationList = C555D17D1C27B4C64B85D2E7 /* Build configuration list for PBXProject "DockLock" */;
			compatibilityVersion = "Xcode 14.0";
			developmentRegion = en;
			hasScannedForEncodings = 0;
			knownRegions = (
				Base,
				de,
				en,
				es,
				fr,
				ja,
				ko,
				"pt-BR",
				ru,
				"zh-Hans",
				"zh-Hant",
			);
			mainGroup = 6AF8C3CDB25076B8784C4FC1;
			minimizedProjectReferenceProxies = 1;
			preferredProjectObjectVersion = 77;
			projectDirPath = "";
			projectRoot = "";
			targets = (
				FA107CC507C1E97A8E2A5954 /* DockLock */,
			);
		};
/* End PBXProject section */

/* Begin PBXResourcesBuildPhase section */
		987CFDA91A0DA28B54C4B8C9 /* Resources */ = {
			isa = PBXResourcesBuildPhase;
			buildActionMask = 2147483647;
			files = (
				58B2D106098E0A0AF4FC821D /* Assets.xcassets in Resources */,
				C8C8E0205B665C3DDB534D68 /* Localizable.strings in Resources */,
			);
			runOnlyForDeploymentPostprocessing = 0;
		};
/* End PBXResourcesBuildPhase section */

/* Begin PBXSourcesBuildPhase section */
		C72ED3B8CDEFF32B54BF0D22 /* Sources */ = {
			isa = PBXSourcesBuildPhase;
			buildActionMask = 2147483647;
			files = (
				7BCCDB3ADC32814C20C6D552 /* AboutPage.swift in Sources */,
				F9AD855693A625C25CB6B143 /* AdvancedPage.swift in Sources */,
				D5DD3E7706BAE99AA7D1B11F /* AppController.swift in Sources */,
				6CE69E135F3CB314DBE296FB /* AppDelegate.swift in Sources */,
				9990623B5FE434E275CDAA2D /* AppLanguage.swift in Sources */,
				CF069DCD69E8D51F93D2BD8C /* AutomationPage.swift in Sources */,
				0D20A7C36D3BA895EADEE947 /* Basics.swift in Sources */,
				7A0778EABB6E2E8546FBC401 /* Commands.swift in Sources */,
				21C64AEFF14F87B39C7F8078 /* Components.swift in Sources */,
				AA6A9FA51ABFA2591A2F73D9 /* ControlChannel.swift in Sources */,
				8F51A24438003A6843173971 /* DisplayLayout.swift in Sources */,
				8B5BC3FBD21BD263EF8F79E4 /* DisplaysPage.swift in Sources */,
				BD31DC11DBFC27FD953AE0ED /* DockInspector.swift in Sources */,
				9D315CA3D8BDEEED79A380ED /* DockLocator.swift in Sources */,
				0E06411FB07E0A660A8C5DC6 /* DockLockIntents.swift in Sources */,
				0D6630E5B23873EAEB5CC86B /* DockMover.swift in Sources */,
				9D641F56548A25056D827C93 /* EdgeGuard.swift in Sources */,
				315044EE4A969C6831BF7F39 /* GeneralPage.swift in Sources */,
				264BB38056E14B777BA5A9C6 /* GuideOverlay.swift in Sources */,
				328280C42D12DA2058468435 /* HideDockPage.swift in Sources */,
				3FA6A777469A01ED829EB20A /* HotKeyCenter.swift in Sources */,
				C414AE91D5F9E605368131DB /* PointerGuard.swift in Sources */,
				D0803C3998C12CF33FB6EB36 /* Policy.swift in Sources */,
				9765CA881797B26B7EB86327 /* Settings.swift in Sources */,
				51C9615836052CB1125BF367 /* SettingsView.swift in Sources */,
				790354A3503C57835C5D8A6D /* SettingsWindowController.swift in Sources */,
				4D0EE8120CCD3A64C2B2C901 /* StatusIcon.swift in Sources */,
				13D221A98F0D6D64E0087169 /* StatusMenuController.swift in Sources */,
				18B3359F35DD910D65F09EAD /* StatusReport.swift in Sources */,
				825A4844D142300DB1CD384C /* Support.swift in Sources */,
				3AFEBC4D2BC8780E90C446CF /* SystemDisplays.swift in Sources */,
				FF4FDA399B909BD7A794C557 /* UserActivity.swift in Sources */,
				6BEF211EA3BC16856C6EC307 /* main.swift in Sources */,
			);
			runOnlyForDeploymentPostprocessing = 0;
		};
/* End PBXSourcesBuildPhase section */

/* Begin PBXVariantGroup section */
		EC134897A50FFF6BDD18A7AD /* Localizable.strings */ = {
			isa = PBXVariantGroup;
			children = (
				63BB1CC6AE0BD7AB97E03788 /* de */,
				52C1F163D69ABAF70E7B5C93 /* en */,
				5DF400BBB75A38F50E3DA140 /* es */,
				835E8E2795FD918C349A4787 /* fr */,
				95411A98FB35CF4974CA7572 /* ja */,
				923C8237DAEB578E6E38B5A1 /* ko */,
				7BA5190899709648549A4A4C /* pt-BR */,
				0B4771F4C0DB1522ECEDBB4E /* ru */,
				436ACF7962ED2EB8EE7EE264 /* zh-Hans */,
				48294F94383D292239F2223A /* zh-Hant */,
			);
			name = Localizable.strings;
			sourceTree = "<group>";
		};
/* End PBXVariantGroup section */

/* Begin XCBuildConfiguration section */
		1342773C94994C9F841D047C /* Release */ = {
			isa = XCBuildConfiguration;
			buildSettings = {
				ASSETCATALOG_COMPILER_APPICON_NAME = AppIcon;
				CODE_SIGN_ENTITLEMENTS = App/Resources/DockLock.entitlements;
				CODE_SIGN_IDENTITY = "-";
				CODE_SIGN_STYLE = Manual;
				COMBINE_HIDPI_IMAGES = YES;
				DEVELOPMENT_TEAM = "";
				ENABLE_HARDENED_RUNTIME = YES;
				GENERATE_INFOPLIST_FILE = NO;
				INFOPLIST_FILE = App/Resources/Info.plist;
				LD_RUNPATH_SEARCH_PATHS = "$(inherited) @executable_path/../Frameworks";
				PRODUCT_BUNDLE_IDENTIFIER = dev.yihui.docklock;
				PRODUCT_NAME = DockLock;
				SDKROOT = macosx;
				SWIFT_EMIT_LOC_STRINGS = NO;
			};
			name = Release;
		};
		6A0256564DFC699482FDCFE3 /* Debug */ = {
			isa = XCBuildConfiguration;
			buildSettings = {
				ALWAYS_SEARCH_USER_PATHS = NO;
				CLANG_ANALYZER_NONNULL = YES;
				CLANG_ANALYZER_NUMBER_OBJECT_CONVERSION = YES_AGGRESSIVE;
				CLANG_CXX_LANGUAGE_STANDARD = "gnu++14";
				CLANG_CXX_LIBRARY = "libc++";
				CLANG_ENABLE_MODULES = YES;
				CLANG_ENABLE_OBJC_ARC = YES;
				CLANG_ENABLE_OBJC_WEAK = YES;
				CLANG_WARN_BLOCK_CAPTURE_AUTORELEASING = YES;
				CLANG_WARN_BOOL_CONVERSION = YES;
				CLANG_WARN_COMMA = YES;
				CLANG_WARN_CONSTANT_CONVERSION = YES;
				CLANG_WARN_DEPRECATED_OBJC_IMPLEMENTATIONS = YES;
				CLANG_WARN_DIRECT_OBJC_ISA_USAGE = YES_ERROR;
				CLANG_WARN_DOCUMENTATION_COMMENTS = YES;
				CLANG_WARN_EMPTY_BODY = YES;
				CLANG_WARN_ENUM_CONVERSION = YES;
				CLANG_WARN_INFINITE_RECURSION = YES;
				CLANG_WARN_INT_CONVERSION = YES;
				CLANG_WARN_NON_LITERAL_NULL_CONVERSION = YES;
				CLANG_WARN_OBJC_IMPLICIT_RETAIN_SELF = YES;
				CLANG_WARN_OBJC_LITERAL_CONVERSION = YES;
				CLANG_WARN_OBJC_ROOT_CLASS = YES_ERROR;
				CLANG_WARN_QUOTED_INCLUDE_IN_FRAMEWORK_HEADER = YES;
				CLANG_WARN_RANGE_LOOP_ANALYSIS = YES;
				CLANG_WARN_STRICT_PROTOTYPES = YES;
				CLANG_WARN_SUSPICIOUS_MOVE = YES;
				CLANG_WARN_UNGUARDED_AVAILABILITY = YES_AGGRESSIVE;
				CLANG_WARN_UNREACHABLE_CODE = YES;
				CLANG_WARN__DUPLICATE_METHOD_MATCH = YES;
				COPY_PHASE_STRIP = NO;
				CURRENT_PROJECT_VERSION = 1;
				DEAD_CODE_STRIPPING = YES;
				DEBUG_INFORMATION_FORMAT = dwarf;
				ENABLE_STRICT_OBJC_MSGSEND = YES;
				ENABLE_TESTABILITY = YES;
				GCC_C_LANGUAGE_STANDARD = gnu11;
				GCC_DYNAMIC_NO_PIC = NO;
				GCC_NO_COMMON_BLOCKS = YES;
				GCC_OPTIMIZATION_LEVEL = 0;
				GCC_PREPROCESSOR_DEFINITIONS = (
					"$(inherited)",
					"DEBUG=1",
				);
				GCC_WARN_64_TO_32_BIT_CONVERSION = YES;
				GCC_WARN_ABOUT_RETURN_TYPE = YES_ERROR;
				GCC_WARN_UNDECLARED_SELECTOR = YES;
				GCC_WARN_UNINITIALIZED_AUTOS = YES_AGGRESSIVE;
				GCC_WARN_UNUSED_FUNCTION = YES;
				GCC_WARN_UNUSED_VARIABLE = YES;
				MACOSX_DEPLOYMENT_TARGET = 13.0;
				MARKETING_VERSION = 1.0.0;
				MTL_ENABLE_DEBUG_INFO = INCLUDE_SOURCE;
				MTL_FAST_MATH = YES;
				ONLY_ACTIVE_ARCH = YES;
				PRODUCT_NAME = "$(TARGET_NAME)";
				SDKROOT = macosx;
				SWIFT_ACTIVE_COMPILATION_CONDITIONS = DEBUG;
				SWIFT_OPTIMIZATION_LEVEL = "-Onone";
				SWIFT_VERSION = 5.0;
			};
			name = Debug;
		};
		6AAB9825D56F4DC26D885F69 /* Release */ = {
			isa = XCBuildConfiguration;
			buildSettings = {
				ALWAYS_SEARCH_USER_PATHS = NO;
				CLANG_ANALYZER_NONNULL = YES;
				CLANG_ANALYZER_NUMBER_OBJECT_CONVERSION = YES_AGGRESSIVE;
				CLANG_CXX_LANGUAGE_STANDARD = "gnu++14";
				CLANG_CXX_LIBRARY = "libc++";
				CLANG_ENABLE_MODULES = YES;
				CLANG_ENABLE_OBJC_ARC = YES;
				CLANG_ENABLE_OBJC_WEAK = YES;
				CLANG_WARN_BLOCK_CAPTURE_AUTORELEASING = YES;
				CLANG_WARN_BOOL_CONVERSION = YES;
				CLANG_WARN_COMMA = YES;
				CLANG_WARN_CONSTANT_CONVERSION = YES;
				CLANG_WARN_DEPRECATED_OBJC_IMPLEMENTATIONS = YES;
				CLANG_WARN_DIRECT_OBJC_ISA_USAGE = YES_ERROR;
				CLANG_WARN_DOCUMENTATION_COMMENTS = YES;
				CLANG_WARN_EMPTY_BODY = YES;
				CLANG_WARN_ENUM_CONVERSION = YES;
				CLANG_WARN_INFINITE_RECURSION = YES;
				CLANG_WARN_INT_CONVERSION = YES;
				CLANG_WARN_NON_LITERAL_NULL_CONVERSION = YES;
				CLANG_WARN_OBJC_IMPLICIT_RETAIN_SELF = YES;
				CLANG_WARN_OBJC_LITERAL_CONVERSION = YES;
				CLANG_WARN_OBJC_ROOT_CLASS = YES_ERROR;
				CLANG_WARN_QUOTED_INCLUDE_IN_FRAMEWORK_HEADER = YES;
				CLANG_WARN_RANGE_LOOP_ANALYSIS = YES;
				CLANG_WARN_STRICT_PROTOTYPES = YES;
				CLANG_WARN_SUSPICIOUS_MOVE = YES;
				CLANG_WARN_UNGUARDED_AVAILABILITY = YES_AGGRESSIVE;
				CLANG_WARN_UNREACHABLE_CODE = YES;
				CLANG_WARN__DUPLICATE_METHOD_MATCH = YES;
				COPY_PHASE_STRIP = NO;
				CURRENT_PROJECT_VERSION = 1;
				DEAD_CODE_STRIPPING = YES;
				DEBUG_INFORMATION_FORMAT = "dwarf-with-dsym";
				ENABLE_NS_ASSERTIONS = NO;
				ENABLE_STRICT_OBJC_MSGSEND = YES;
				GCC_C_LANGUAGE_STANDARD = gnu11;
				GCC_NO_COMMON_BLOCKS = YES;
				GCC_WARN_64_TO_32_BIT_CONVERSION = YES;
				GCC_WARN_ABOUT_RETURN_TYPE = YES_ERROR;
				GCC_WARN_UNDECLARED_SELECTOR = YES;
				GCC_WARN_UNINITIALIZED_AUTOS = YES_AGGRESSIVE;
				GCC_WARN_UNUSED_FUNCTION = YES;
				GCC_WARN_UNUSED_VARIABLE = YES;
				MACOSX_DEPLOYMENT_TARGET = 13.0;
				MARKETING_VERSION = 1.0.0;
				MTL_ENABLE_DEBUG_INFO = NO;
				MTL_FAST_MATH = YES;
				PRODUCT_NAME = "$(TARGET_NAME)";
				SDKROOT = macosx;
				SWIFT_COMPILATION_MODE = wholemodule;
				SWIFT_OPTIMIZATION_LEVEL = "-O";
				SWIFT_VERSION = 5.0;
			};
			name = Release;
		};
		83BEA4E4BC7FDC8C22A6F4B5 /* Debug */ = {
			isa = XCBuildConfiguration;
			buildSettings = {
				ASSETCATALOG_COMPILER_APPICON_NAME = AppIcon;
				CODE_SIGN_ENTITLEMENTS = App/Resources/DockLock.entitlements;
				CODE_SIGN_IDENTITY = "-";
				CODE_SIGN_STYLE = Manual;
				COMBINE_HIDPI_IMAGES = YES;
				DEVELOPMENT_TEAM = "";
				ENABLE_HARDENED_RUNTIME = YES;
				GENERATE_INFOPLIST_FILE = NO;
				INFOPLIST_FILE = App/Resources/Info.plist;
				LD_RUNPATH_SEARCH_PATHS = "$(inherited) @executable_path/../Frameworks";
				PRODUCT_BUNDLE_IDENTIFIER = dev.yihui.docklock;
				PRODUCT_NAME = DockLock;
				SDKROOT = macosx;
				SWIFT_EMIT_LOC_STRINGS = NO;
			};
			name = Debug;
		};
/* End XCBuildConfiguration section */

/* Begin XCConfigurationList section */
		5E4C60A36C6772F357D37287 /* Build configuration list for PBXNativeTarget "DockLock" */ = {
			isa = XCConfigurationList;
			buildConfigurations = (
				83BEA4E4BC7FDC8C22A6F4B5 /* Debug */,
				1342773C94994C9F841D047C /* Release */,
			);
			defaultConfigurationIsVisible = 0;
			defaultConfigurationName = Debug;
		};
		C555D17D1C27B4C64B85D2E7 /* Build configuration list for PBXProject "DockLock" */ = {
			isa = XCConfigurationList;
			buildConfigurations = (
				6A0256564DFC699482FDCFE3 /* Debug */,
				6AAB9825D56F4DC26D885F69 /* Release */,
			);
			defaultConfigurationIsVisible = 0;
			defaultConfigurationName = Debug;
		};
/* End XCConfigurationList section */
	};
	rootObject = 6F495DB818CA5803B3DE7CF1 /* Project object */;
}
